
Microsoft Visual Studio Solution File, Format Version 12.00
# Visual Studio Version 16
VisualStudioVersion = 16.0.30523.141
MinimumVisualStudioVersion = 10.0.40219.1
Project("{FAE04EC0-301F-11D3-BF4B-00C04F79EFBC}") = "Exe1_EscolaDeNatacao", "Exe1_EscolaDeNatacao\Exe1_EscolaDeNatacao.csproj", "{3FDB1F7A-4779-48BA-B52B-197048415CA0}"
EndProject
Project("{FAE04EC0-301F-11D3-BF4B-00C04F79EFBC}") = "Exe2_PesoIdeal", "Exe2_PesoIdeal\Exe2_PesoIdeal.csproj", "{835B28CD-467A-49D7-845F-89878ED37826}"
EndProject
Project("{FAE04EC0-301F-11D3-BF4B-00C04F79EFBC}") = "Exe3_ReajusteSalarial", "Exe3_ReajusteSalarial\Exe3_ReajusteSalarial.csproj", "{22E406B0-8E2E-48A8-9E26-000B82555A86}"
EndProject
Global
	GlobalSection(SolutionConfigurationPlatforms) = preSolution
		Debug|Any CPU = Debug|Any CPU
		Release|Any CPU = Release|Any CPU
	EndGlobalSection
	GlobalSection(ProjectConfigurationPlatforms) = postSolution
		{3FDB1F7A-4779-48BA-B52B-197048415CA0}.Debug|Any CPU.ActiveCfg = Debug|Any CPU
		{3FDB1F7A-4779-48BA-B52B-197048415CA0}.Debug|Any CPU.Build.0 = Debug|Any CPU
		{3FDB1F7A-4779-48BA-B52B-197048415CA0}.Release|Any CPU.ActiveCfg = Release|Any CPU
		{3FDB1F7A-4779-48BA-B52B-197048415CA0}.Release|Any CPU.Build.0 = Release|Any CPU
		{835B28CD-467A-49D7-845F-89878ED37826}.Debug|Any CPU.ActiveCfg = Debug|Any CPU
		{835B28CD-467A-49D7-845F-89878ED37826}.Debug|Any CPU.Build.0 = Debug|Any CPU
		{835B28CD-467A-49D7-845F-89878ED37826}.Release|Any CPU.ActiveCfg = Release|Any CPU
		{835B28CD-467A-49D7-845F-89878ED37826}.Release|Any CPU.Build.0 = Release|Any CPU
		{22E406B0-8E2E-48A8-9E26-000B82555A86}.Debug|Any CPU.ActiveCfg = Debug|Any CPU
		{22E406B0-8E2E-48A8-9E26-000B82555A86}.Debug|Any CPU.Build.0 = Debug|Any CPU
		{22E406B0-8E2E-48A8-9E26-000B82555A86}.Release|Any CPU.ActiveCfg = Release|Any CPU
		{22E406B0-8E2E-48A8-9E26-000B82555A86}.Release|Any CPU.Build.0 = Release|Any CPU
	EndGlobalSection
	GlobalSection(SolutionProperties) = preSolution
		HideSolutionNode = FALSE
	EndGlobalSection
	GlobalSection(ExtensibilityGlobals) = postSolution
		SolutionGuid = {86132FA8-15A1-4EB1-8D80-B01E5D8B6069}
	EndGlobalSection
EndGlobal
